
Microsoft Visual Studio Solution File, Format Version 12.00
# Visual Studio Version 16
VisualStudioVersion = 16.0.29306.81
MinimumVisualStudioVersion = 10.0.40219.1
Project("{FAE04EC0-301F-11D3-BF4B-00C04F79EFBC}") = "NutriHelper", "NutriHelper\NutriHelper.csproj", "{17494447-CDF8-434E-9E96-F76F8B7D6206}"
EndProject
Global
	GlobalSection(SolutionConfigurationPlatforms) = preSolution
		Debug|Any CPU = Debug|Any CPU
		Release|Any CPU = Release|Any CPU
	EndGlobalSection
	GlobalSection(ProjectConfigurationPlatforms) = postSolution
		{17494447-CDF8-434E-9E96-F76F8B7D6206}.Debug|Any CPU.ActiveCfg = Debug|Any CPU
		{17494447-CDF8-434E-9E96-F76F8B7D6206}.Debug|Any CPU.Build.0 = Debug|Any CPU
		{17494447-CDF8-434E-9E96-F76F8B7D6206}.Release|Any CPU.ActiveCfg = Release|Any CPU
		{17494447-CDF8-434E-9E96-F76F8B7D6206}.Release|Any CPU.Build.0 = Release|Any CPU
	EndGlobalSection
	GlobalSection(SolutionProperties) = preSolution
		HideSolutionNode = FALSE
	EndGlobalSection
	GlobalSection(ExtensibilityGlobals) = postSolution
		SolutionGuid = {82CB7EE9-6D79-48A4-9F82-3F761714D730}
	EndGlobalSection
EndGlobal
