
Microsoft Visual Studio Solution File, Format Version 12.00
# Visual Studio Version 16
VisualStudioVersion = 16.0.32802.440
MinimumVisualStudioVersion = 10.0.40219.1
Project("{FAE04EC0-301F-11D3-BF4B-00C04F79EFBC}") = "TP HARRY POTTER BENJAMIN MENGOCHEA", "TP HARRY POTTER BENJAMIN MENGOCHEA\TP HARRY POTTER BENJAMIN MENGOCHEA.csproj", "{8204004A-0404-480A-99E0-B4D100476577}"
EndProject
Global
	GlobalSection(SolutionConfigurationPlatforms) = preSolution
		Debug|Any CPU = Debug|Any CPU
		Release|Any CPU = Release|Any CPU
	EndGlobalSection
	GlobalSection(ProjectConfigurationPlatforms) = postSolution
		{8204004A-0404-480A-99E0-B4D100476577}.Debug|Any CPU.ActiveCfg = Debug|Any CPU
		{8204004A-0404-480A-99E0-B4D100476577}.Debug|Any CPU.Build.0 = Debug|Any CPU
		{8204004A-0404-480A-99E0-B4D100476577}.Release|Any CPU.ActiveCfg = Release|Any CPU
		{8204004A-0404-480A-99E0-B4D100476577}.Release|Any CPU.Build.0 = Release|Any CPU
	EndGlobalSection
	GlobalSection(SolutionProperties) = preSolution
		HideSolutionNode = FALSE
	EndGlobalSection
	GlobalSection(ExtensibilityGlobals) = postSolution
		SolutionGuid = {BF005035-5B29-47F9-94E7-2AEE890AC8AF}
	EndGlobalSection
EndGlobal
